<?xml version="1.0" encoding="UTF-8"?>
<CodeBlocks_project_file>
	<FileVersion major="1" minor="6"/>
	<Project>
		<Option title="testfunkcji"/>
		<Option makefile_is_custom="1"/>
		<Option compiler="gcc"/>
		<Option virtualFolders="CMake Files\;"/>
		<Build>
			<Target title="all">
				<Option working_dir="/home/moto/Projects/experimental/build-test_myfunction-Desktop-Default"/>
				<Option type="4"/>
				<MakeCommands>
					<Build command="/usr/bin/gmake -j4 -f &quot;/home/moto/Projects/experimental/build-test_myfunction-Desktop-Default/Makefile&quot;  VERBOSE=1 all"/>
					<CompileFile command="/usr/bin/gmake -j4 -f &quot;/home/moto/Projects/experimental/build-test_myfunction-Desktop-Default/Makefile&quot;  VERBOSE=1 &quot;$file&quot;"/>
					<Clean command="/usr/bin/gmake -j4 -f &quot;/home/moto/Projects/experimental/build-test_myfunction-Desktop-Default/Makefile&quot;  VERBOSE=1 clean"/>
					<DistClean command="/usr/bin/gmake -j4 -f &quot;/home/moto/Projects/experimental/build-test_myfunction-Desktop-Default/Makefile&quot;  VERBOSE=1 clean"/>
				</MakeCommands>
			</Target>
			<Target title="rebuild_cache">
				<Option working_dir="/home/moto/Projects/experimental/build-test_myfunction-Desktop-Default"/>
				<Option type="4"/>
				<MakeCommands>
					<Build command="/usr/bin/gmake -j4 -f &quot;/home/moto/Projects/experimental/build-test_myfunction-Desktop-Default/Makefile&quot;  VERBOSE=1 rebuild_cache"/>
					<CompileFile command="/usr/bin/gmake -j4 -f &quot;/home/moto/Projects/experimental/build-test_myfunction-Desktop-Default/Makefile&quot;  VERBOSE=1 &quot;$file&quot;"/>
					<Clean command="/usr/bin/gmake -j4 -f &quot;/home/moto/Projects/experimental/build-test_myfunction-Desktop-Default/Makefile&quot;  VERBOSE=1 clean"/>
					<DistClean command="/usr/bin/gmake -j4 -f &quot;/home/moto/Projects/experimental/build-test_myfunction-Desktop-Default/Makefile&quot;  VERBOSE=1 clean"/>
				</MakeCommands>
			</Target>
			<Target title="testfunkcji">
				<Option output="/home/moto/Projects/experimental/build-test_myfunction-Desktop-Default/testfunkcji" prefix_auto="0" extension_auto="0"/>
				<Option working_dir="/home/moto/Projects/experimental/build-test_myfunction-Desktop-Default"/>
				<Option object_output="./"/>
				<Option type="1"/>
				<Option compiler="gcc"/>
				<Compiler>
					<Add directory="/home/moto/googletest/googletest"/>
					<Add directory="/home/moto/googletest/googletest/include"/>
					<Add directory="/home/moto/googletest/googlemock"/>
					<Add directory="/home/moto/googletest/googlemock/include"/>
					<Add directory="/usr/lib/gcc/x86_64-redhat-linux/7/../../../../include/c++/7"/>
					<Add directory="/usr/lib/gcc/x86_64-redhat-linux/7/../../../../include/c++/7/x86_64-redhat-linux"/>
					<Add directory="/usr/lib/gcc/x86_64-redhat-linux/7/../../../../include/c++/7/backward"/>
					<Add directory="/usr/lib/gcc/x86_64-redhat-linux/7/include"/>
					<Add directory="/usr/local/include"/>
					<Add directory="/usr/include"/>
				</Compiler>
				<MakeCommands>
					<Build command="/usr/bin/gmake -j4 -f &quot;/home/moto/Projects/experimental/build-test_myfunction-Desktop-Default/Makefile&quot;  VERBOSE=1 testfunkcji"/>
					<CompileFile command="/usr/bin/gmake -j4 -f &quot;/home/moto/Projects/experimental/build-test_myfunction-Desktop-Default/Makefile&quot;  VERBOSE=1 &quot;$file&quot;"/>
					<Clean command="/usr/bin/gmake -j4 -f &quot;/home/moto/Projects/experimental/build-test_myfunction-Desktop-Default/Makefile&quot;  VERBOSE=1 clean"/>
					<DistClean command="/usr/bin/gmake -j4 -f &quot;/home/moto/Projects/experimental/build-test_myfunction-Desktop-Default/Makefile&quot;  VERBOSE=1 clean"/>
				</MakeCommands>
			</Target>
			<Target title="testfunkcji/fast">
				<Option output="/home/moto/Projects/experimental/build-test_myfunction-Desktop-Default/testfunkcji" prefix_auto="0" extension_auto="0"/>
				<Option working_dir="/home/moto/Projects/experimental/build-test_myfunction-Desktop-Default"/>
				<Option object_output="./"/>
				<Option type="1"/>
				<Option compiler="gcc"/>
				<Compiler>
					<Add directory="/home/moto/googletest/googletest"/>
					<Add directory="/home/moto/googletest/googletest/include"/>
					<Add directory="/home/moto/googletest/googlemock"/>
					<Add directory="/home/moto/googletest/googlemock/include"/>
					<Add directory="/usr/lib/gcc/x86_64-redhat-linux/7/../../../../include/c++/7"/>
					<Add directory="/usr/lib/gcc/x86_64-redhat-linux/7/../../../../include/c++/7/x86_64-redhat-linux"/>
					<Add directory="/usr/lib/gcc/x86_64-redhat-linux/7/../../../../include/c++/7/backward"/>
					<Add directory="/usr/lib/gcc/x86_64-redhat-linux/7/include"/>
					<Add directory="/usr/local/include"/>
					<Add directory="/usr/include"/>
				</Compiler>
				<MakeCommands>
					<Build command="/usr/bin/gmake -j4 -f &quot;/home/moto/Projects/experimental/build-test_myfunction-Desktop-Default/Makefile&quot;  VERBOSE=1 testfunkcji/fast"/>
					<CompileFile command="/usr/bin/gmake -j4 -f &quot;/home/moto/Projects/experimental/build-test_myfunction-Desktop-Default/Makefile&quot;  VERBOSE=1 &quot;$file&quot;"/>
					<Clean command="/usr/bin/gmake -j4 -f &quot;/home/moto/Projects/experimental/build-test_myfunction-Desktop-Default/Makefile&quot;  VERBOSE=1 clean"/>
					<DistClean command="/usr/bin/gmake -j4 -f &quot;/home/moto/Projects/experimental/build-test_myfunction-Desktop-Default/Makefile&quot;  VERBOSE=1 clean"/>
				</MakeCommands>
			</Target>
			<Target title="edit_cache">
				<Option working_dir="/home/moto/Projects/experimental/build-test_myfunction-Desktop-Default"/>
				<Option type="4"/>
				<MakeCommands>
					<Build command="/usr/bin/gmake -j4 -f &quot;/home/moto/Projects/experimental/build-test_myfunction-Desktop-Default/Makefile&quot;  VERBOSE=1 edit_cache"/>
					<CompileFile command="/usr/bin/gmake -j4 -f &quot;/home/moto/Projects/experimental/build-test_myfunction-Desktop-Default/Makefile&quot;  VERBOSE=1 &quot;$file&quot;"/>
					<Clean command="/usr/bin/gmake -j4 -f &quot;/home/moto/Projects/experimental/build-test_myfunction-Desktop-Default/Makefile&quot;  VERBOSE=1 clean"/>
					<DistClean command="/usr/bin/gmake -j4 -f &quot;/home/moto/Projects/experimental/build-test_myfunction-Desktop-Default/Makefile&quot;  VERBOSE=1 clean"/>
				</MakeCommands>
			</Target>
		</Build>
		<Unit filename="/home/moto/Projects/experimental/test_myfunction/main.cpp">
			<Option target="testfunkcji"/>
		</Unit>
		<Unit filename="/home/moto/Projects/experimental/test_myfunction/pow.cpp">
			<Option target="testfunkcji"/>
		</Unit>
		<Unit filename="/home/moto/Projects/experimental/test_myfunction/pow.h">
			<Option target="testfunkcji"/>
		</Unit>
		<Unit filename="/home/moto/Projects/experimental/test_myfunction/tst_testfunkcji.h">
			<Option target="testfunkcji"/>
		</Unit>
		<Unit filename="/home/moto/googletest/googlemock/src/gmock-all.cc">
			<Option target="testfunkcji"/>
		</Unit>
		<Unit filename="/home/moto/googletest/googletest/src/gtest-all.cc">
			<Option target="testfunkcji"/>
		</Unit>
		<Unit filename="/home/moto/Projects/experimental/test_myfunction/CMakeLists.txt">
			<Option virtualFolder="CMake Files\"/>
		</Unit>
	</Project>
</CodeBlocks_project_file>
